// !$*UTF8*$!
{
	archiveVersion = 1;
	classes = {
	};
	objectVersion = 46;
	objects = {

/* Begin PBXBuildFile section */
		50E506E21B1E208B00DF1F7A /* libVIMObjectMapper.a in Frameworks */ = {isa = PBXBuildFile; fileRef = 50E506D61B1E208B00DF1F7A /* libVIMObjectMapper.a */; };
		50E506F51B1E20B700DF1F7A /* VIMModelObject.m in Sources */ = {isa = PBXBuildFile; fileRef = 50E506F21B1E20B700DF1F7A /* VIMModelObject.m */; };
		50E506F61B1E20B700DF1F7A /* VIMObjectMapper.m in Sources */ = {isa = PBXBuildFile; fileRef = 50E506F41B1E20B700DF1F7A /* VIMObjectMapper.m */; };
/* End PBXBuildFile section */

/* Begin PBXContainerItemProxy section */
		50E506E31B1E208B00DF1F7A /* PBXContainerItemProxy */ = {
			isa = PBXContainerItemProxy;
			containerPortal = 50E506CE1B1E208B00DF1F7A /* Project object */;
			proxyType = 1;
			remoteGlobalIDString = 50E506D51B1E208B00DF1F7A;
			remoteInfo = VIMObjectMapper;
		};
/* End PBXContainerItemProxy section */

/* Begin PBXCopyFilesBuildPhase section */
		50E506D41B1E208B00DF1F7A /* CopyFiles */ = {
			isa = PBXCopyFilesBuildPhase;
			buildActionMask = 2147483647;
			dstPath = "include/$(PRODUCT_NAME)";
			dstSubfolderSpec = 16;
			files = (
			);
			runOnlyForDeploymentPostprocessing = 0;
		};
/* End PBXCopyFilesBuildPhase section */

/* Begin PBXFileReference section */
		50E506D61B1E208B00DF1F7A /* libVIMObjectMapper.a */ = {isa = PBXFileReference; explicitFileType = archive.ar; includeInIndex = 0; path = libVIMObjectMapper.a; sourceTree = BUILT_PRODUCTS_DIR; };
		50E506E11B1E208B00DF1F7A /* VIMObjectMapperTests.xctest */ = {isa = PBXFileReference; explicitFileType = wrapper.cfbundle; includeInIndex = 0; path = VIMObjectMapperTests.xctest; sourceTree = BUILT_PRODUCTS_DIR; };
		50E506E71B1E208B00DF1F7A /* Info.plist */ = {isa = PBXFileReference; lastKnownFileType = text.plist.xml; path = Info.plist; sourceTree = "<group>"; };
		50E506F01B1E20B700DF1F7A /* VIMMappable.h */ = {isa = PBXFileReference; fileEncoding = 4; lastKnownFileType = sourcecode.c.h; path = VIMMappable.h; sourceTree = "<group>"; };
		50E506F11B1E20B700DF1F7A /* VIMModelObject.h */ = {isa = PBXFileReference; fileEncoding = 4; lastKnownFileType = sourcecode.c.h; path = VIMModelObject.h; sourceTree = "<group>"; };
		50E506F21B1E20B700DF1F7A /* VIMModelObject.m */ = {isa = PBXFileReference; fileEncoding = 4; lastKnownFileType = sourcecode.c.objc; path = VIMModelObject.m; sourceTree = "<group>"; };
		50E506F31B1E20B700DF1F7A /* VIMObjectMapper.h */ = {isa = PBXFileReference; fileEncoding = 4; lastKnownFileType = sourcecode.c.h; path = VIMObjectMapper.h; sourceTree = "<group>"; };
		50E506F41B1E20B700DF1F7A /* VIMObjectMapper.m */ = {isa = PBXFileReference; fileEncoding = 4; lastKnownFileType = sourcecode.c.objc; path = VIMObjectMapper.m; sourceTree = "<group>"; };
/* End PBXFileReference section */

/* Begin PBXFrameworksBuildPhase section */
		50E506D31B1E208B00DF1F7A /* Frameworks */ = {
			isa = PBXFrameworksBuildPhase;
			buildActionMask = 2147483647;
			files = (
			);
			runOnlyForDeploymentPostprocessing = 0;
		};
		50E506DE1B1E208B00DF1F7A /* Frameworks */ = {
			isa = PBXFrameworksBuildPhase;
			buildActionMask = 2147483647;
			files = (
				50E506E21B1E208B00DF1F7A /* libVIMObjectMapper.a in Frameworks */,
			);
			runOnlyForDeploymentPostprocessing = 0;
		};
/* End PBXFrameworksBuildPhase section */

/* Begin PBXGroup section */
		50E506CD1B1E208B00DF1F7A = {
			isa = PBXGroup;
			children = (
				50E506D81B1E208B00DF1F7A /* VIMObjectMapper */,
				50E506E51B1E208B00DF1F7A /* VIMObjectMapperTests */,
				50E506D71B1E208B00DF1F7A /* Products */,
			);
			sourceTree = "<group>";
		};
		50E506D71B1E208B00DF1F7A /* Products */ = {
			isa = PBXGroup;
			children = (
				50E506D61B1E208B00DF1F7A /* libVIMObjectMapper.a */,
				50E506E11B1E208B00DF1F7A /* VIMObjectMapperTests.xctest */,
			);
			name = Products;
			sourceTree = "<group>";
		};
		50E506D81B1E208B00DF1F7A /* VIMObjectMapper */ = {
			isa = PBXGroup;
			children = (
				50E506F01B1E20B700DF1F7A /* VIMMappable.h */,
				50E506F11B1E20B700DF1F7A /* VIMModelObject.h */,
				50E506F21B1E20B700DF1F7A /* VIMModelObject.m */,
				50E506F31B1E20B700DF1F7A /* VIMObjectMapper.h */,
				50E506F41B1E20B700DF1F7A /* VIMObjectMapper.m */,
			);
			path = VIMObjectMapper;
			sourceTree = "<group>";
		};
		50E506E51B1E208B00DF1F7A /* VIMObjectMapperTests */ = {
			isa = PBXGroup;
			children = (
				50E506E61B1E208B00DF1F7A /* Supporting Files */,
			);
			path = VIMObjectMapperTests;
			sourceTree = "<group>";
		};
		50E506E61B1E208B00DF1F7A /* Supporting Files */ = {
			isa = PBXGroup;
			children = (
				50E506E71B1E208B00DF1F7A /* Info.plist */,
			);
			name = "Supporting Files";
			sourceTree = "<group>";
		};
/* End PBXGroup section */

/* Begin PBXNativeTarget section */
		50E506D51B1E208B00DF1F7A /* VIMObjectMapper */ = {
			isa = PBXNativeTarget;
			buildConfigurationList = 50E506EA1B1E208B00DF1F7A /* Build configuration list for PBXNativeTarget "VIMObjectMapper" */;
			buildPhases = (
				50E506D21B1E208B00DF1F7A /* Sources */,
				50E506D31B1E208B00DF1F7A /* Frameworks */,
				50E506D41B1E208B00DF1F7A /* CopyFiles */,
			);
			buildRules = (
			);
			dependencies = (
			);
			name = VIMObjectMapper;
			productName = VIMObjectMapper;
			productReference = 50E506D61B1E208B00DF1F7A /* libVIMObjectMapper.a */;
			productType = "com.apple.product-type.library.static";
		};
		50E506E01B1E208B00DF1F7A /* VIMObjectMapperTests */ = {
			isa = PBXNativeTarget;
			buildConfigurationList = 50E506ED1B1E208B00DF1F7A /* Build configuration list for PBXNativeTarget "VIMObjectMapperTests" */;
			buildPhases = (
				50E506DD1B1E208B00DF1F7A /* Sources */,
				50E506DE1B1E208B00DF1F7A /* Frameworks */,
				50E506DF1B1E208B00DF1F7A /* Resources */,
			);
			buildRules = (
			);
			dependencies = (
				50E506E41B1E208B00DF1F7A /* PBXTargetDependency */,
			);
			name = VIMObjectMapperTests;
			productName = VIMObjectMapperTests;
			productReference = 50E506E11B1E208B00DF1F7A /* VIMObjectMapperTests.xctest */;
			productType = "com.apple.product-type.bundle.unit-test";
		};
/* End PBXNativeTarget section */

/* Begin PBXProject section */
		50E506CE1B1E208B00DF1F7A /* Project object */ = {
			isa = PBXProject;
			attributes = {
				LastUpgradeCheck = 0630;
				ORGANIZATIONNAME = Vimeo;
				TargetAttributes = {
					50E506D51B1E208B00DF1F7A = {
						CreatedOnToolsVersion = 6.3.1;
					};
					50E506E01B1E208B00DF1F7A = {
						CreatedOnToolsVersion = 6.3.1;
					};
				};
			};
			buildConfigurationList = 50E506D11B1E208B00DF1F7A /* Build configuration list for PBXProject "VIMObjectMapper" */;
			compatibilityVersion = "Xcode 3.2";
			developmentRegion = English;
			hasScannedForEncodings = 0;
			knownRegions = (
				en,
			);
			mainGroup = 50E506CD1B1E208B00DF1F7A;
			productRefGroup = 50E506D71B1E208B00DF1F7A /* Products */;
			projectDirPath = "";
			projectRoot = "";
			targets = (
				50E506D51B1E208B00DF1F7A /* VIMObjectMapper */,
				50E506E01B1E208B00DF1F7A /* VIMObjectMapperTests */,
			);
		};
/* End PBXProject section */

/* Begin PBXResourcesBuildPhase section */
		50E506DF1B1E208B00DF1F7A /* Resources */ = {
			isa = PBXResourcesBuildPhase;
			buildActionMask = 2147483647;
			files = (
			);
			runOnlyForDeploymentPostprocessing = 0;
		};
/* End PBXResourcesBuildPhase section */

/* Begin PBXSourcesBuildPhase section */
		50E506D21B1E208B00DF1F7A /* Sources */ = {
			isa = PBXSourcesBuildPhase;
			buildActionMask = 2147483647;
			files = (
				50E506F61B1E20B700DF1F7A /* VIMObjectMapper.m in Sources */,
				50E506F51B1E20B700DF1F7A /* VIMModelObject.m in Sources */,
			);
			runOnlyForDeploymentPostprocessing = 0;
		};
		50E506DD1B1E208B00DF1F7A /* Sources */ = {
			isa = PBXSourcesBuildPhase;
			buildActionMask = 2147483647;
			files = (
			);
			runOnlyForDeploymentPostprocessing = 0;
		};
/* End PBXSourcesBuildPhase section */

/* Begin PBXTargetDependency section */
		50E506E41B1E208B00DF1F7A /* PBXTargetDependency */ = {
			isa = PBXTargetDependency;
			target = 50E506D51B1E208B00DF1F7A /* VIMObjectMapper */;
			targetProxy = 50E506E31B1E208B00DF1F7A /* PBXContainerItemProxy */;
		};
/* End PBXTargetDependency section */

/* Begin XCBuildConfiguration section */
		50E506E81B1E208B00DF1F7A /* Debug */ = {
			isa = XCBuildConfiguration;
			buildSettings = {
				ALWAYS_SEARCH_USER_PATHS = NO;
				CLANG_CXX_LANGUAGE_STANDARD = "gnu++0x";
				CLANG_CXX_LIBRARY = "libc++";
				CLANG_ENABLE_MODULES = YES;
				CLANG_ENABLE_OBJC_ARC = YES;
				CLANG_WARN_BOOL_CONVERSION = YES;
				CLANG_WARN_CONSTANT_CONVERSION = YES;
				CLANG_WARN_DIRECT_OBJC_ISA_USAGE = YES_ERROR;
				CLANG_WARN_EMPTY_BODY = YES;
				CLANG_WARN_ENUM_CONVERSION = YES;
				CLANG_WARN_INT_CONVERSION = YES;
				CLANG_WARN_OBJC_ROOT_CLASS = YES_ERROR;
				CLANG_WARN_UNREACHABLE_CODE = YES;
				CLANG_WARN__DUPLICATE_METHOD_MATCH = YES;
				COPY_PHASE_STRIP = NO;
				DEBUG_INFORMATION_FORMAT = "dwarf-with-dsym";
				ENABLE_STRICT_OBJC_MSGSEND = YES;
				GCC_C_LANGUAGE_STANDARD = gnu99;
				GCC_DYNAMIC_NO_PIC = NO;
				GCC_NO_COMMON_BLOCKS = YES;
				GCC_OPTIMIZATION_LEVEL = 0;
				GCC_PREPROCESSOR_DEFINITIONS = (
					"DEBUG=1",
					"$(inherited)",
				);
				GCC_SYMBOLS_PRIVATE_EXTERN = NO;
				GCC_WARN_64_TO_32_BIT_CONVERSION = YES;
				GCC_WARN_ABOUT_RETURN_TYPE = YES_ERROR;
				GCC_WARN_UNDECLARED_SELECTOR = YES;
				GCC_WARN_UNINITIALIZED_AUTOS = YES_AGGRESSIVE;
				GCC_WARN_UNUSED_FUNCTION = YES;
				GCC_WARN_UNUSED_VARIABLE = YES;
				IPHONEOS_DEPLOYMENT_TARGET = 8.3;
				MTL_ENABLE_DEBUG_INFO = YES;
				ONLY_ACTIVE_ARCH = YES;
				SDKROOT = iphoneos;
			};
			name = Debug;
		};
		50E506E91B1E208B00DF1F7A /* Release */ = {
			isa = XCBuildConfiguration;
			buildSettings = {
				ALWAYS_SEARCH_USER_PATHS = NO;
				CLANG_CXX_LANGUAGE_STANDARD = "gnu++0x";
				CLANG_CXX_LIBRARY = "libc++";
				CLANG_ENABLE_MODULES = YES;
				CLANG_ENABLE_OBJC_ARC = YES;
				CLANG_WARN_BOOL_CONVERSION = YES;
				CLANG_WARN_CONSTANT_CONVERSION = YES;
				CLANG_WARN_DIRECT_OBJC_ISA_USAGE = YES_ERROR;
				CLANG_WARN_EMPTY_BODY = YES;
				CLANG_WARN_ENUM_CONVERSION = YES;
				CLANG_WARN_INT_CONVERSION = YES;
				CLANG_WARN_OBJC_ROOT_CLASS = YES_ERROR;
				CLANG_WARN_UNREACHABLE_CODE = YES;
				CLANG_WARN__DUPLICATE_METHOD_MATCH = YES;
				COPY_PHASE_STRIP = NO;
				DEBUG_INFORMATION_FORMAT = "dwarf-with-dsym";
				ENABLE_NS_ASSERTIONS = NO;
				ENABLE_STRICT_OBJC_MSGSEND = YES;
				GCC_C_LANGUAGE_STANDARD = gnu99;
				GCC_NO_COMMON_BLOCKS = YES;
				GCC_WARN_64_TO_32_BIT_CONVERSION = YES;
				GCC_WARN_ABOUT_RETURN_TYPE = YES_ERROR;
				GCC_WARN_UNDECLARED_SELECTOR = YES;
				GCC_WARN_UNINITIALIZED_AUTOS = YES_AGGRESSIVE;
				GCC_WARN_UNUSED_FUNCTION = YES;
				GCC_WARN_UNUSED_VARIABLE = YES;
				IPHONEOS_DEPLOYMENT_TARGET = 8.3;
				MTL_ENABLE_DEBUG_INFO = NO;
				SDKROOT = iphoneos;
				VALIDATE_PRODUCT = YES;
			};
			name = Release;
		};
		50E506EB1B1E208B00DF1F7A /* Debug */ = {
			isa = XCBuildConfiguration;
			buildSettings = {
				OTHER_LDFLAGS = "-ObjC";
				PRODUCT_NAME = "$(TARGET_NAME)";
				SKIP_INSTALL = YES;
			};
			name = Debug;
		};
		50E506EC1B1E208B00DF1F7A /* Release */ = {
			isa = XCBuildConfiguration;
			buildSettings = {
				OTHER_LDFLAGS = "-ObjC";
				PRODUCT_NAME = "$(TARGET_NAME)";
				SKIP_INSTALL = YES;
			};
			name = Release;
		};
		50E506EE1B1E208B00DF1F7A /* Debug */ = {
			isa = XCBuildConfiguration;
			buildSettings = {
				"CODE_SIGN_IDENTITY[sdk=iphoneos*]" = "iPhone Developer";
				FRAMEWORK_SEARCH_PATHS = (
					"$(SDKROOT)/Developer/Library/Frameworks",
					"$(inherited)",
				);
				GCC_PREPROCESSOR_DEFINITIONS = (
					"DEBUG=1",
					"$(inherited)",
				);
				INFOPLIST_FILE = VIMObjectMapperTests/Info.plist;
				LD_RUNPATH_SEARCH_PATHS = "$(inherited) @executable_path/Frameworks @loader_path/Frameworks";
				PRODUCT_NAME = "$(TARGET_NAME)";
			};
			name = Debug;
		};
		50E506EF1B1E208B00DF1F7A /* Release */ = {
			isa = XCBuildConfiguration;
			buildSettings = {
				"CODE_SIGN_IDENTITY[sdk=iphoneos*]" = "iPhone Developer";
				FRAMEWORK_SEARCH_PATHS = (
					"$(SDKROOT)/Developer/Library/Frameworks",
					"$(inherited)",
				);
				INFOPLIST_FILE = VIMObjectMapperTests/Info.plist;
				LD_RUNPATH_SEARCH_PATHS = "$(inherited) @executable_path/Frameworks @loader_path/Frameworks";
				PRODUCT_NAME = "$(TARGET_NAME)";
			};
			name = Release;
		};
/* End XCBuildConfiguration section */

/* Begin XCConfigurationList section */
		50E506D11B1E208B00DF1F7A /* Build configuration list for PBXProject "VIMObjectMapper" */ = {
			isa = XCConfigurationList;
			buildConfigurations = (
				50E506E81B1E208B00DF1F7A /* Debug */,
				50E506E91B1E208B00DF1F7A /* Release */,
			);
			defaultConfigurationIsVisible = 0;
			defaultConfigurationName = Release;
		};
		50E506EA1B1E208B00DF1F7A /* Build configuration list for PBXNativeTarget "VIMObjectMapper" */ = {
			isa = XCConfigurationList;
			buildConfigurations = (
				50E506EB1B1E208B00DF1F7A /* Debug */,
				50E506EC1B1E208B00DF1F7A /* Release */,
			);
			defaultConfigurationIsVisible = 0;
		};
		50E506ED1B1E208B00DF1F7A /* Build configuration list for PBXNativeTarget "VIMObjectMapperTests" */ = {
			isa = XCConfigurationList;
			buildConfigurations = (
				50E506EE1B1E208B00DF1F7A /* Debug */,
				50E506EF1B1E208B00DF1F7A /* Release */,
			);
			defaultConfigurationIsVisible = 0;
		};
/* End XCConfigurationList section */
	};
	rootObject = 50E506CE1B1E208B00DF1F7A /* Project object */;
}
