// !$*UTF8*$!
{
	archiveVersion = 1;
	classes = {
	};
	objectVersion = 46;
	objects = {

/* Begin PBXBuildFile section */
		AF8720BB1CACAFE6004C752C /* VimeoObjectMapper.h in Headers */ = {isa = PBXBuildFile; fileRef = AF8720BA1CACAFE6004C752C /* VimeoObjectMapper.h */; settings = {ATTRIBUTES = (Public, ); }; };
		AF8720C21CACAFE6004C752C /* VimeoObjectMapper.framework in Frameworks */ = {isa = PBXBuildFile; fileRef = AF8720B71CACAFE6004C752C /* VimeoObjectMapper.framework */; };
		AF8720C71CACAFE6004C752C /* VimeoObjectMapperTests.m in Sources */ = {isa = PBXBuildFile; fileRef = AF8720C61CACAFE6004C752C /* VimeoObjectMapperTests.m */; };
		AF8720DF1CACB06E004C752C /* VIMMappable.h in Headers */ = {isa = PBXBuildFile; fileRef = AF8720DA1CACB06E004C752C /* VIMMappable.h */; settings = {ATTRIBUTES = (Public, ); }; };
		AF8720E01CACB06E004C752C /* VIMModelObject.h in Headers */ = {isa = PBXBuildFile; fileRef = AF8720DB1CACB06E004C752C /* VIMModelObject.h */; settings = {ATTRIBUTES = (Public, ); }; };
		AF8720E11CACB06E004C752C /* VIMModelObject.m in Sources */ = {isa = PBXBuildFile; fileRef = AF8720DC1CACB06E004C752C /* VIMModelObject.m */; };
		AF8720E21CACB06E004C752C /* VIMObjectMapper.h in Headers */ = {isa = PBXBuildFile; fileRef = AF8720DD1CACB06E004C752C /* VIMObjectMapper.h */; settings = {ATTRIBUTES = (Public, ); }; };
		AF8720E31CACB06E004C752C /* VIMObjectMapper.m in Sources */ = {isa = PBXBuildFile; fileRef = AF8720DE1CACB06E004C752C /* VIMObjectMapper.m */; };
		AF87211F1CACB365004C752C /* Foundation.framework in Frameworks */ = {isa = PBXBuildFile; fileRef = AF87211E1CACB365004C752C /* Foundation.framework */; };
/* End PBXBuildFile section */

/* Begin PBXContainerItemProxy section */
		AF8720C31CACAFE6004C752C /* PBXContainerItemProxy */ = {
			isa = PBXContainerItemProxy;
			containerPortal = AF8720AE1CACAFE6004C752C /* Project object */;
			proxyType = 1;
			remoteGlobalIDString = AF8720B61CACAFE6004C752C;
			remoteInfo = VimeoObjectMapper;
		};
/* End PBXContainerItemProxy section */

/* Begin PBXFileReference section */
		AF8720B71CACAFE6004C752C /* VimeoObjectMapper.framework */ = {isa = PBXFileReference; explicitFileType = wrapper.framework; includeInIndex = 0; path = VimeoObjectMapper.framework; sourceTree = BUILT_PRODUCTS_DIR; };
		AF8720BA1CACAFE6004C752C /* VimeoObjectMapper.h */ = {isa = PBXFileReference; lastKnownFileType = sourcecode.c.h; path = VimeoObjectMapper.h; sourceTree = "<group>"; };
		AF8720BC1CACAFE6004C752C /* Info.plist */ = {isa = PBXFileReference; lastKnownFileType = text.plist.xml; path = Info.plist; sourceTree = "<group>"; };
		AF8720C11CACAFE6004C752C /* VimeoObjectMapperTests.xctest */ = {isa = PBXFileReference; explicitFileType = wrapper.cfbundle; includeInIndex = 0; path = VimeoObjectMapperTests.xctest; sourceTree = BUILT_PRODUCTS_DIR; };
		AF8720C61CACAFE6004C752C /* VimeoObjectMapperTests.m */ = {isa = PBXFileReference; lastKnownFileType = sourcecode.c.objc; path = VimeoObjectMapperTests.m; sourceTree = "<group>"; };
		AF8720C81CACAFE6004C752C /* Info.plist */ = {isa = PBXFileReference; lastKnownFileType = text.plist.xml; path = Info.plist; sourceTree = "<group>"; };
		AF8720DA1CACB06E004C752C /* VIMMappable.h */ = {isa = PBXFileReference; fileEncoding = 4; lastKnownFileType = sourcecode.c.h; path = VIMMappable.h; sourceTree = "<group>"; };
		AF8720DB1CACB06E004C752C /* VIMModelObject.h */ = {isa = PBXFileReference; fileEncoding = 4; lastKnownFileType = sourcecode.c.h; path = VIMModelObject.h; sourceTree = "<group>"; };
		AF8720DC1CACB06E004C752C /* VIMModelObject.m */ = {isa = PBXFileReference; fileEncoding = 4; lastKnownFileType = sourcecode.c.objc; path = VIMModelObject.m; sourceTree = "<group>"; };
		AF8720DD1CACB06E004C752C /* VIMObjectMapper.h */ = {isa = PBXFileReference; fileEncoding = 4; lastKnownFileType = sourcecode.c.h; path = VIMObjectMapper.h; sourceTree = "<group>"; };
		AF8720DE1CACB06E004C752C /* VIMObjectMapper.m */ = {isa = PBXFileReference; fileEncoding = 4; lastKnownFileType = sourcecode.c.objc; path = VIMObjectMapper.m; sourceTree = "<group>"; };
		AF87211E1CACB365004C752C /* Foundation.framework */ = {isa = PBXFileReference; lastKnownFileType = wrapper.framework; name = Foundation.framework; path = System/Library/Frameworks/Foundation.framework; sourceTree = SDKROOT; };
/* End PBXFileReference section */

/* Begin PBXFrameworksBuildPhase section */
		AF8720B31CACAFE6004C752C /* Frameworks */ = {
			isa = PBXFrameworksBuildPhase;
			buildActionMask = 2147483647;
			files = (
				AF87211F1CACB365004C752C /* Foundation.framework in Frameworks */,
			);
			runOnlyForDeploymentPostprocessing = 0;
		};
		AF8720BE1CACAFE6004C752C /* Frameworks */ = {
			isa = PBXFrameworksBuildPhase;
			buildActionMask = 2147483647;
			files = (
				AF8720C21CACAFE6004C752C /* VimeoObjectMapper.framework in Frameworks */,
			);
			runOnlyForDeploymentPostprocessing = 0;
		};
/* End PBXFrameworksBuildPhase section */

/* Begin PBXGroup section */
		AF8720AD1CACAFE6004C752C = {
			isa = PBXGroup;
			children = (
				AF8720B91CACAFE6004C752C /* VimeoObjectMapper */,
				AF8720C51CACAFE6004C752C /* VimeoObjectMapperTests */,
				AF8720B81CACAFE6004C752C /* Products */,
				AF8721231CACB3BE004C752C /* Frameworks */,
			);
			sourceTree = "<group>";
		};
		AF8720B81CACAFE6004C752C /* Products */ = {
			isa = PBXGroup;
			children = (
				AF8720B71CACAFE6004C752C /* VimeoObjectMapper.framework */,
				AF8720C11CACAFE6004C752C /* VimeoObjectMapperTests.xctest */,
			);
			name = Products;
			sourceTree = "<group>";
		};
		AF8720B91CACAFE6004C752C /* VimeoObjectMapper */ = {
			isa = PBXGroup;
			children = (
				AF8720BA1CACAFE6004C752C /* VimeoObjectMapper.h */,
				AF8720D91CACB06E004C752C /* Source */,
				AF8720BC1CACAFE6004C752C /* Info.plist */,
			);
			path = VimeoObjectMapper;
			sourceTree = "<group>";
		};
		AF8720C51CACAFE6004C752C /* VimeoObjectMapperTests */ = {
			isa = PBXGroup;
			children = (
				AF8720C61CACAFE6004C752C /* VimeoObjectMapperTests.m */,
				AF8720C81CACAFE6004C752C /* Info.plist */,
			);
			path = VimeoObjectMapperTests;
			sourceTree = "<group>";
		};
		AF8720D91CACB06E004C752C /* Source */ = {
			isa = PBXGroup;
			children = (
				AF8720DA1CACB06E004C752C /* VIMMappable.h */,
				AF8720DB1CACB06E004C752C /* VIMModelObject.h */,
				AF8720DC1CACB06E004C752C /* VIMModelObject.m */,
				AF8720DD1CACB06E004C752C /* VIMObjectMapper.h */,
				AF8720DE1CACB06E004C752C /* VIMObjectMapper.m */,
			);
			path = Source;
			sourceTree = "<group>";
		};
		AF8721231CACB3BE004C752C /* Frameworks */ = {
			isa = PBXGroup;
			children = (
				AF87211E1CACB365004C752C /* Foundation.framework */,
			);
			name = Frameworks;
			sourceTree = "<group>";
		};
/* End PBXGroup section */

/* Begin PBXHeadersBuildPhase section */
		AF8720B41CACAFE6004C752C /* Headers */ = {
			isa = PBXHeadersBuildPhase;
			buildActionMask = 2147483647;
			files = (
				AF8720BB1CACAFE6004C752C /* VimeoObjectMapper.h in Headers */,
				AF8720E01CACB06E004C752C /* VIMModelObject.h in Headers */,
				AF8720DF1CACB06E004C752C /* VIMMappable.h in Headers */,
				AF8720E21CACB06E004C752C /* VIMObjectMapper.h in Headers */,
			);
			runOnlyForDeploymentPostprocessing = 0;
		};
/* End PBXHeadersBuildPhase section */

/* Begin PBXNativeTarget section */
		AF8720B61CACAFE6004C752C /* VimeoObjectMapper */ = {
			isa = PBXNativeTarget;
			buildConfigurationList = AF8720CB1CACAFE7004C752C /* Build configuration list for PBXNativeTarget "VimeoObjectMapper" */;
			buildPhases = (
				AF8720B21CACAFE6004C752C /* Sources */,
				AF8720B31CACAFE6004C752C /* Frameworks */,
				AF8720B41CACAFE6004C752C /* Headers */,
				AF8720B51CACAFE6004C752C /* Resources */,
			);
			buildRules = (
			);
			dependencies = (
			);
			name = VimeoObjectMapper;
			productName = VimeoObjectMapper;
			productReference = AF8720B71CACAFE6004C752C /* VimeoObjectMapper.framework */;
			productType = "com.apple.product-type.framework";
		};
		AF8720C01CACAFE6004C752C /* VimeoObjectMapperTests */ = {
			isa = PBXNativeTarget;
			buildConfigurationList = AF8720CE1CACAFE7004C752C /* Build configuration list for PBXNativeTarget "VimeoObjectMapperTests" */;
			buildPhases = (
				AF8720BD1CACAFE6004C752C /* Sources */,
				AF8720BE1CACAFE6004C752C /* Frameworks */,
				AF8720BF1CACAFE6004C752C /* Resources */,
			);
			buildRules = (
			);
			dependencies = (
				AF8720C41CACAFE6004C752C /* PBXTargetDependency */,
			);
			name = VimeoObjectMapperTests;
			productName = VimeoObjectMapperTests;
			productReference = AF8720C11CACAFE6004C752C /* VimeoObjectMapperTests.xctest */;
			productType = "com.apple.product-type.bundle.unit-test";
		};
/* End PBXNativeTarget section */

/* Begin PBXProject section */
		AF8720AE1CACAFE6004C752C /* Project object */ = {
			isa = PBXProject;
			attributes = {
				LastUpgradeCheck = 0720;
				ORGANIZATIONNAME = Vimeo;
				TargetAttributes = {
					AF8720B61CACAFE6004C752C = {
						CreatedOnToolsVersion = 7.2;
					};
					AF8720C01CACAFE6004C752C = {
						CreatedOnToolsVersion = 7.2;
					};
				};
			};
			buildConfigurationList = AF8720B11CACAFE6004C752C /* Build configuration list for PBXProject "VimeoObjectMapper" */;
			compatibilityVersion = "Xcode 3.2";
			developmentRegion = English;
			hasScannedForEncodings = 0;
			knownRegions = (
				en,
			);
			mainGroup = AF8720AD1CACAFE6004C752C;
			productRefGroup = AF8720B81CACAFE6004C752C /* Products */;
			projectDirPath = "";
			projectRoot = "";
			targets = (
				AF8720B61CACAFE6004C752C /* VimeoObjectMapper */,
				AF8720C01CACAFE6004C752C /* VimeoObjectMapperTests */,
			);
		};
/* End PBXProject section */

/* Begin PBXResourcesBuildPhase section */
		AF8720B51CACAFE6004C752C /* Resources */ = {
			isa = PBXResourcesBuildPhase;
			buildActionMask = 2147483647;
			files = (
			);
			runOnlyForDeploymentPostprocessing = 0;
		};
		AF8720BF1CACAFE6004C752C /* Resources */ = {
			isa = PBXResourcesBuildPhase;
			buildActionMask = 2147483647;
			files = (
			);
			runOnlyForDeploymentPostprocessing = 0;
		};
/* End PBXResourcesBuildPhase section */

/* Begin PBXSourcesBuildPhase section */
		AF8720B21CACAFE6004C752C /* Sources */ = {
			isa = PBXSourcesBuildPhase;
			buildActionMask = 2147483647;
			files = (
				AF8720E31CACB06E004C752C /* VIMObjectMapper.m in Sources */,
				AF8720E11CACB06E004C752C /* VIMModelObject.m in Sources */,
			);
			runOnlyForDeploymentPostprocessing = 0;
		};
		AF8720BD1CACAFE6004C752C /* Sources */ = {
			isa = PBXSourcesBuildPhase;
			buildActionMask = 2147483647;
			files = (
				AF8720C71CACAFE6004C752C /* VimeoObjectMapperTests.m in Sources */,
			);
			runOnlyForDeploymentPostprocessing = 0;
		};
/* End PBXSourcesBuildPhase section */

/* Begin PBXTargetDependency section */
		AF8720C41CACAFE6004C752C /* PBXTargetDependency */ = {
			isa = PBXTargetDependency;
			target = AF8720B61CACAFE6004C752C /* VimeoObjectMapper */;
			targetProxy = AF8720C31CACAFE6004C752C /* PBXContainerItemProxy */;
		};
/* End PBXTargetDependency section */

/* Begin XCBuildConfiguration section */
		AF8720C91CACAFE7004C752C /* Debug */ = {
			isa = XCBuildConfiguration;
			buildSettings = {
				ALWAYS_SEARCH_USER_PATHS = NO;
				CLANG_CXX_LANGUAGE_STANDARD = "gnu++0x";
				CLANG_CXX_LIBRARY = "libc++";
				CLANG_ENABLE_MODULES = YES;
				CLANG_ENABLE_OBJC_ARC = YES;
				CLANG_WARN_BOOL_CONVERSION = YES;
				CLANG_WARN_CONSTANT_CONVERSION = YES;
				CLANG_WARN_DIRECT_OBJC_ISA_USAGE = YES_ERROR;
				CLANG_WARN_EMPTY_BODY = YES;
				CLANG_WARN_ENUM_CONVERSION = YES;
				CLANG_WARN_INT_CONVERSION = YES;
				CLANG_WARN_OBJC_ROOT_CLASS = YES_ERROR;
				CLANG_WARN_UNREACHABLE_CODE = YES;
				CLANG_WARN__DUPLICATE_METHOD_MATCH = YES;
				"CODE_SIGN_IDENTITY[sdk=iphoneos*]" = "iPhone Developer";
				COPY_PHASE_STRIP = NO;
				CURRENT_PROJECT_VERSION = 1;
				DEBUG_INFORMATION_FORMAT = dwarf;
				ENABLE_STRICT_OBJC_MSGSEND = YES;
				ENABLE_TESTABILITY = YES;
				GCC_C_LANGUAGE_STANDARD = gnu99;
				GCC_DYNAMIC_NO_PIC = NO;
				GCC_NO_COMMON_BLOCKS = YES;
				GCC_OPTIMIZATION_LEVEL = 0;
				GCC_PREPROCESSOR_DEFINITIONS = (
					"DEBUG=1",
					"$(inherited)",
				);
				GCC_WARN_64_TO_32_BIT_CONVERSION = YES;
				GCC_WARN_ABOUT_RETURN_TYPE = YES_ERROR;
				GCC_WARN_UNDECLARED_SELECTOR = YES;
				GCC_WARN_UNINITIALIZED_AUTOS = YES_AGGRESSIVE;
				GCC_WARN_UNUSED_FUNCTION = YES;
				GCC_WARN_UNUSED_VARIABLE = YES;
				IPHONEOS_DEPLOYMENT_TARGET = 9.2;
				MTL_ENABLE_DEBUG_INFO = YES;
				ONLY_ACTIVE_ARCH = YES;
				SDKROOT = iphoneos;
				TARGETED_DEVICE_FAMILY = "1,2";
				VERSIONING_SYSTEM = "apple-generic";
				VERSION_INFO_PREFIX = "";
			};
			name = Debug;
		};
		AF8720CA1CACAFE7004C752C /* Release */ = {
			isa = XCBuildConfiguration;
			buildSettings = {
				ALWAYS_SEARCH_USER_PATHS = NO;
				CLANG_CXX_LANGUAGE_STANDARD = "gnu++0x";
				CLANG_CXX_LIBRARY = "libc++";
				CLANG_ENABLE_MODULES = YES;
				CLANG_ENABLE_OBJC_ARC = YES;
				CLANG_WARN_BOOL_CONVERSION = YES;
				CLANG_WARN_CONSTANT_CONVERSION = YES;
				CLANG_WARN_DIRECT_OBJC_ISA_USAGE = YES_ERROR;
				CLANG_WARN_EMPTY_BODY = YES;
				CLANG_WARN_ENUM_CONVERSION = YES;
				CLANG_WARN_INT_CONVERSION = YES;
				CLANG_WARN_OBJC_ROOT_CLASS = YES_ERROR;
				CLANG_WARN_UNREACHABLE_CODE = YES;
				CLANG_WARN__DUPLICATE_METHOD_MATCH = YES;
				"CODE_SIGN_IDENTITY[sdk=iphoneos*]" = "iPhone Developer";
				COPY_PHASE_STRIP = NO;
				CURRENT_PROJECT_VERSION = 1;
				DEBUG_INFORMATION_FORMAT = "dwarf-with-dsym";
				ENABLE_NS_ASSERTIONS = NO;
				ENABLE_STRICT_OBJC_MSGSEND = YES;
				GCC_C_LANGUAGE_STANDARD = gnu99;
				GCC_NO_COMMON_BLOCKS = YES;
				GCC_WARN_64_TO_32_BIT_CONVERSION = YES;
				GCC_WARN_ABOUT_RETURN_TYPE = YES_ERROR;
				GCC_WARN_UNDECLARED_SELECTOR = YES;
				GCC_WARN_UNINITIALIZED_AUTOS = YES_AGGRESSIVE;
				GCC_WARN_UNUSED_FUNCTION = YES;
				GCC_WARN_UNUSED_VARIABLE = YES;
				IPHONEOS_DEPLOYMENT_TARGET = 9.2;
				MTL_ENABLE_DEBUG_INFO = NO;
				SDKROOT = iphoneos;
				TARGETED_DEVICE_FAMILY = "1,2";
				VALIDATE_PRODUCT = YES;
				VERSIONING_SYSTEM = "apple-generic";
				VERSION_INFO_PREFIX = "";
			};
			name = Release;
		};
		AF8720CC1CACAFE7004C752C /* Debug */ = {
			isa = XCBuildConfiguration;
			buildSettings = {
				DEFINES_MODULE = YES;
				DYLIB_COMPATIBILITY_VERSION = 1;
				DYLIB_CURRENT_VERSION = 1;
				DYLIB_INSTALL_NAME_BASE = "@rpath";
				INFOPLIST_FILE = VimeoObjectMapper/Info.plist;
				INSTALL_PATH = "$(LOCAL_LIBRARY_DIR)/Frameworks";
				IPHONEOS_DEPLOYMENT_TARGET = 8.0;
				LD_RUNPATH_SEARCH_PATHS = "$(inherited) @executable_path/Frameworks @loader_path/Frameworks";
				PRODUCT_BUNDLE_IDENTIFIER = com.vimeo.VimeoObjectMapper;
				PRODUCT_NAME = "$(TARGET_NAME)";
				SKIP_INSTALL = YES;
			};
			name = Debug;
		};
		AF8720CD1CACAFE7004C752C /* Release */ = {
			isa = XCBuildConfiguration;
			buildSettings = {
				DEFINES_MODULE = YES;
				DYLIB_COMPATIBILITY_VERSION = 1;
				DYLIB_CURRENT_VERSION = 1;
				DYLIB_INSTALL_NAME_BASE = "@rpath";
				INFOPLIST_FILE = VimeoObjectMapper/Info.plist;
				INSTALL_PATH = "$(LOCAL_LIBRARY_DIR)/Frameworks";
				IPHONEOS_DEPLOYMENT_TARGET = 8.0;
				LD_RUNPATH_SEARCH_PATHS = "$(inherited) @executable_path/Frameworks @loader_path/Frameworks";
				PRODUCT_BUNDLE_IDENTIFIER = com.vimeo.VimeoObjectMapper;
				PRODUCT_NAME = "$(TARGET_NAME)";
				SKIP_INSTALL = YES;
			};
			name = Release;
		};
		AF8720CF1CACAFE7004C752C /* Debug */ = {
			isa = XCBuildConfiguration;
			buildSettings = {
				INFOPLIST_FILE = VimeoObjectMapperTests/Info.plist;
				LD_RUNPATH_SEARCH_PATHS = "$(inherited) @executable_path/Frameworks @loader_path/Frameworks";
				PRODUCT_BUNDLE_IDENTIFIER = com.vimeo.VimeoObjectMapperTests;
				PRODUCT_NAME = "$(TARGET_NAME)";
			};
			name = Debug;
		};
		AF8720D01CACAFE7004C752C /* Release */ = {
			isa = XCBuildConfiguration;
			buildSettings = {
				INFOPLIST_FILE = VimeoObjectMapperTests/Info.plist;
				LD_RUNPATH_SEARCH_PATHS = "$(inherited) @executable_path/Frameworks @loader_path/Frameworks";
				PRODUCT_BUNDLE_IDENTIFIER = com.vimeo.VimeoObjectMapperTests;
				PRODUCT_NAME = "$(TARGET_NAME)";
			};
			name = Release;
		};
/* End XCBuildConfiguration section */

/* Begin XCConfigurationList section */
		AF8720B11CACAFE6004C752C /* Build configuration list for PBXProject "VimeoObjectMapper" */ = {
			isa = XCConfigurationList;
			buildConfigurations = (
				AF8720C91CACAFE7004C752C /* Debug */,
				AF8720CA1CACAFE7004C752C /* Release */,
			);
			defaultConfigurationIsVisible = 0;
			defaultConfigurationName = Release;
		};
		AF8720CB1CACAFE7004C752C /* Build configuration list for PBXNativeTarget "VimeoObjectMapper" */ = {
			isa = XCConfigurationList;
			buildConfigurations = (
				AF8720CC1CACAFE7004C752C /* Debug */,
				AF8720CD1CACAFE7004C752C /* Release */,
			);
			defaultConfigurationIsVisible = 0;
		};
		AF8720CE1CACAFE7004C752C /* Build configuration list for PBXNativeTarget "VimeoObjectMapperTests" */ = {
			isa = XCConfigurationList;
			buildConfigurations = (
				AF8720CF1CACAFE7004C752C /* Debug */,
				AF8720D01CACAFE7004C752C /* Release */,
			);
			defaultConfigurationIsVisible = 0;
		};
/* End XCConfigurationList section */
	};
	rootObject = AF8720AE1CACAFE6004C752C /* Project object */;
}
